Microsoft Visual Studio Solution File, Format Version 12.00
# Visual Studio Version 17
VisualStudioVersion = 17.5.2.0
MinimumVisualStudioVersion = 10.0.40219.1
Project("{FAE04EC0-301F-11D3-BF4B-00C04F79EFBC}") = "hero-api-dotnet", "hero-api-dotnet.csproj", "{3D897CB7-9826-389A-16A3-F9B5B7B0FEBD}"
EndProject
Global
	GlobalSection(SolutionConfigurationPlatforms) = preSolution
		Debug|Any CPU = Debug|Any CPU
		Release|Any CPU = Release|Any CPU
	EndGlobalSection
	GlobalSection(ProjectConfigurationPlatforms) = postSolution
		{3D897CB7-9826-389A-16A3-F9B5B7B0FEBD}.Debug|Any CPU.ActiveCfg = Debug|Any CPU
		{3D897CB7-9826-389A-16A3-F9B5B7B0FEBD}.Debug|Any CPU.Build.0 = Debug|Any CPU
		{3D897CB7-9826-389A-16A3-F9B5B7B0FEBD}.Release|Any CPU.ActiveCfg = Release|Any CPU
		{3D897CB7-9826-389A-16A3-F9B5B7B0FEBD}.Release|Any CPU.Build.0 = Release|Any CPU
	EndGlobalSection
	GlobalSection(SolutionProperties) = preSolution
		HideSolutionNode = FALSE
	EndGlobalSection
	GlobalSection(ExtensibilityGlobals) = postSolution
		SolutionGuid = {A264895E-9DCE-4701-9260-4444B32C1EBB}
	EndGlobalSection
EndGlobal
